// !$*UTF8*$!
{
	archiveVersion = 1;
	classes = {
	};
	objectVersion = 46;
	objects = {

/* Begin PBXBuildFile section */
		7EB9083F1AA6AED7005AF401 /* AppDelegate.swift in Sources */ = {isa = PBXBuildFile; fileRef = 7EB9083E1AA6AED7005AF401 /* AppDelegate.swift */; };
		7EB908411AA6AED7005AF401 /* ViewController.swift in Sources */ = {isa = PBXBuildFile; fileRef = 7EB908401AA6AED7005AF401 /* ViewController.swift */; };
		7EB908441AA6AED7005AF401 /* Main.storyboard in Resources */ = {isa = PBXBuildFile; fileRef = 7EB908421AA6AED7005AF401 /* Main.storyboard */; };
		7EB908461AA6AED7005AF401 /* Images.xcassets in Resources */ = {isa = PBXBuildFile; fileRef = 7EB908451AA6AED7005AF401 /* Images.xcassets */; };
		7EB908491AA6AED7005AF401 /* LaunchScreen.xib in Resources */ = {isa = PBXBuildFile; fileRef = 7EB908471AA6AED7005AF401 /* LaunchScreen.xib */; };
		7EB908551AA6AED7005AF401 /* ClockManTests.swift in Sources */ = {isa = PBXBuildFile; fileRef = 7EB908541AA6AED7005AF401 /* ClockManTests.swift */; };
		7EB9085F1AA6AEF4005AF401 /* ColorWheel.swift in Sources */ = {isa = PBXBuildFile; fileRef = 7EB9085E1AA6AEF4005AF401 /* ColorWheel.swift */; };
		7EB908631AA6B010005AF401 /* GameBook.swift in Sources */ = {isa = PBXBuildFile; fileRef = 7EB908621AA6B010005AF401 /* GameBook.swift */; };
/* End PBXBuildFile section */

/* Begin PBXContainerItemProxy section */
		7EB9084F1AA6AED7005AF401 /* PBXContainerItemProxy */ = {
			isa = PBXContainerItemProxy;
			containerPortal = 7EB908311AA6AED7005AF401 /* Project object */;
			proxyType = 1;
			remoteGlobalIDString = 7EB908381AA6AED7005AF401;
			remoteInfo = ClockMan;
		};
/* End PBXContainerItemProxy section */

/* Begin PBXFileReference section */
		7EB908391AA6AED7005AF401 /* ClockMan.app */ = {isa = PBXFileReference; explicitFileType = wrapper.application; includeInIndex = 0; path = ClockMan.app; sourceTree = BUILT_PRODUCTS_DIR; };
		7EB9083D1AA6AED7005AF401 /* Info.plist */ = {isa = PBXFileReference; lastKnownFileType = text.plist.xml; path = Info.plist; sourceTree = "<group>"; };
		7EB9083E1AA6AED7005AF401 /* AppDelegate.swift */ = {isa = PBXFileReference; lastKnownFileType = sourcecode.swift; path = AppDelegate.swift; sourceTree = "<group>"; };
		7EB908401AA6AED7005AF401 /* ViewController.swift */ = {isa = PBXFileReference; lastKnownFileType = sourcecode.swift; path = ViewController.swift; sourceTree = "<group>"; };
		7EB908431AA6AED7005AF401 /* Base */ = {isa = PBXFileReference; lastKnownFileType = file.storyboard; name = Base; path = Base.lproj/Main.storyboard; sourceTree = "<group>"; };
		7EB908451AA6AED7005AF401 /* Images.xcassets */ = {isa = PBXFileReference; lastKnownFileType = folder.assetcatalog; path = Images.xcassets; sourceTree = "<group>"; };
		7EB908481AA6AED7005AF401 /* Base */ = {isa = PBXFileReference; lastKnownFileType = file.xib; name = Base; path = Base.lproj/LaunchScreen.xib; sourceTree = "<group>"; };
		7EB9084E1AA6AED7005AF401 /* ClockManTests.xctest */ = {isa = PBXFileReference; explicitFileType = wrapper.cfbundle; includeInIndex = 0; path = ClockManTests.xctest; sourceTree = BUILT_PRODUCTS_DIR; };
		7EB908531AA6AED7005AF401 /* Info.plist */ = {isa = PBXFileReference; lastKnownFileType = text.plist.xml; path = Info.plist; sourceTree = "<group>"; };
		7EB908541AA6AED7005AF401 /* ClockManTests.swift */ = {isa = PBXFileReference; lastKnownFileType = sourcecode.swift; path = ClockManTests.swift; sourceTree = "<group>"; };
		7EB9085E1AA6AEF4005AF401 /* ColorWheel.swift */ = {isa = PBXFileReference; fileEncoding = 4; lastKnownFileType = sourcecode.swift; name = ColorWheel.swift; path = ../ColorWheel.swift; sourceTree = "<group>"; };
		7EB908621AA6B010005AF401 /* GameBook.swift */ = {isa = PBXFileReference; fileEncoding = 4; lastKnownFileType = sourcecode.swift; name = GameBook.swift; path = ../GameBook.swift; sourceTree = "<group>"; };
/* End PBXFileReference section */

/* Begin PBXFrameworksBuildPhase section */
		7EB908361AA6AED7005AF401 /* Frameworks */ = {
			isa = PBXFrameworksBuildPhase;
			buildActionMask = 2147483647;
			files = (
			);
			runOnlyForDeploymentPostprocessing = 0;
		};
		7EB9084B1AA6AED7005AF401 /* Frameworks */ = {
			isa = PBXFrameworksBuildPhase;
			buildActionMask = 2147483647;
			files = (
			);
			runOnlyForDeploymentPostprocessing = 0;
		};
/* End PBXFrameworksBuildPhase section */

/* Begin PBXGroup section */
		7EB908301AA6AED7005AF401 = {
			isa = PBXGroup;
			children = (
				7EB9083B1AA6AED7005AF401 /* ClockMan */,
				7EB908511AA6AED7005AF401 /* ClockManTests */,
				7EB9083A1AA6AED7005AF401 /* Products */,
			);
			sourceTree = "<group>";
		};
		7EB9083A1AA6AED7005AF401 /* Products */ = {
			isa = PBXGroup;
			children = (
				7EB908391AA6AED7005AF401 /* ClockMan.app */,
				7EB9084E1AA6AED7005AF401 /* ClockManTests.xctest */,
			);
			name = Products;
			sourceTree = "<group>";
		};
		7EB9083B1AA6AED7005AF401 /* ClockMan */ = {
			isa = PBXGroup;
			children = (
				7EB9083E1AA6AED7005AF401 /* AppDelegate.swift */,
				7EB908621AA6B010005AF401 /* GameBook.swift */,
				7EB908401AA6AED7005AF401 /* ViewController.swift */,
				7EB908421AA6AED7005AF401 /* Main.storyboard */,
				7EB908451AA6AED7005AF401 /* Images.xcassets */,
				7EB908471AA6AED7005AF401 /* LaunchScreen.xib */,
				7EB9083C1AA6AED7005AF401 /* Supporting Files */,
			);
			path = ClockMan;
			sourceTree = "<group>";
		};
		7EB9083C1AA6AED7005AF401 /* Supporting Files */ = {
			isa = PBXGroup;
			children = (
				7EB9083D1AA6AED7005AF401 /* Info.plist */,
				7EB9085E1AA6AEF4005AF401 /* ColorWheel.swift */,
			);
			name = "Supporting Files";
			sourceTree = "<group>";
		};
		7EB908511AA6AED7005AF401 /* ClockManTests */ = {
			isa = PBXGroup;
			children = (
				7EB908541AA6AED7005AF401 /* ClockManTests.swift */,
				7EB908521AA6AED7005AF401 /* Supporting Files */,
			);
			path = ClockManTests;
			sourceTree = "<group>";
		};
		7EB908521AA6AED7005AF401 /* Supporting Files */ = {
			isa = PBXGroup;
			children = (
				7EB908531AA6AED7005AF401 /* Info.plist */,
			);
			name = "Supporting Files";
			sourceTree = "<group>";
		};
/* End PBXGroup section */

/* Begin PBXNativeTarget section */
		7EB908381AA6AED7005AF401 /* ClockMan */ = {
			isa = PBXNativeTarget;
			buildConfigurationList = 7EB908581AA6AED7005AF401 /* Build configuration list for PBXNativeTarget "ClockMan" */;
			buildPhases = (
				7EB908351AA6AED7005AF401 /* Sources */,
				7EB908361AA6AED7005AF401 /* Frameworks */,
				7EB908371AA6AED7005AF401 /* Resources */,
			);
			buildRules = (
			);
			dependencies = (
			);
			name = ClockMan;
			productName = ClockMan;
			productReference = 7EB908391AA6AED7005AF401 /* ClockMan.app */;
			productType = "com.apple.product-type.application";
		};
		7EB9084D1AA6AED7005AF401 /* ClockManTests */ = {
			isa = PBXNativeTarget;
			buildConfigurationList = 7EB9085B1AA6AED7005AF401 /* Build configuration list for PBXNativeTarget "ClockManTests" */;
			buildPhases = (
				7EB9084A1AA6AED7005AF401 /* Sources */,
				7EB9084B1AA6AED7005AF401 /* Frameworks */,
				7EB9084C1AA6AED7005AF401 /* Resources */,
			);
			buildRules = (
			);
			dependencies = (
				7EB908501AA6AED7005AF401 /* PBXTargetDependency */,
			);
			name = ClockManTests;
			productName = ClockManTests;
			productReference = 7EB9084E1AA6AED7005AF401 /* ClockManTests.xctest */;
			productType = "com.apple.product-type.bundle.unit-test";
		};
/* End PBXNativeTarget section */

/* Begin PBXProject section */
		7EB908311AA6AED7005AF401 /* Project object */ = {
			isa = PBXProject;
			attributes = {
				LastUpgradeCheck = 0610;
				ORGANIZATIONNAME = PalasCorp;
				TargetAttributes = {
					7EB908381AA6AED7005AF401 = {
						CreatedOnToolsVersion = 6.1.1;
					};
					7EB9084D1AA6AED7005AF401 = {
						CreatedOnToolsVersion = 6.1.1;
						TestTargetID = 7EB908381AA6AED7005AF401;
					};
				};
			};
			buildConfigurationList = 7EB908341AA6AED7005AF401 /* Build configuration list for PBXProject "ClockMan" */;
			compatibilityVersion = "Xcode 3.2";
			developmentRegion = English;
			hasScannedForEncodings = 0;
			knownRegions = (
				en,
				Base,
			);
			mainGroup = 7EB908301AA6AED7005AF401;
			productRefGroup = 7EB9083A1AA6AED7005AF401 /* Products */;
			projectDirPath = "";
			projectRoot = "";
			targets = (
				7EB908381AA6AED7005AF401 /* ClockMan */,
				7EB9084D1AA6AED7005AF401 /* ClockManTests */,
			);
		};
/* End PBXProject section */

/* Begin PBXResourcesBuildPhase section */
		7EB908371AA6AED7005AF401 /* Resources */ = {
			isa = PBXResourcesBuildPhase;
			buildActionMask = 2147483647;
			files = (
				7EB908441AA6AED7005AF401 /* Main.storyboard in Resources */,
				7EB908491AA6AED7005AF401 /* LaunchScreen.xib in Resources */,
				7EB908461AA6AED7005AF401 /* Images.xcassets in Resources */,
			);
			runOnlyForDeploymentPostprocessing = 0;
		};
		7EB9084C1AA6AED7005AF401 /* Resources */ = {
			isa = PBXResourcesBuildPhase;
			buildActionMask = 2147483647;
			files = (
			);
			runOnlyForDeploymentPostprocessing = 0;
		};
/* End PBXResourcesBuildPhase section */

/* Begin PBXSourcesBuildPhase section */
		7EB908351AA6AED7005AF401 /* Sources */ = {
			isa = PBXSourcesBuildPhase;
			buildActionMask = 2147483647;
			files = (
				7EB908411AA6AED7005AF401 /* ViewController.swift in Sources */,
				7EB9083F1AA6AED7005AF401 /* AppDelegate.swift in Sources */,
				7EB908631AA6B010005AF401 /* GameBook.swift in Sources */,
				7EB9085F1AA6AEF4005AF401 /* ColorWheel.swift in Sources */,
			);
			runOnlyForDeploymentPostprocessing = 0;
		};
		7EB9084A1AA6AED7005AF401 /* Sources */ = {
			isa = PBXSourcesBuildPhase;
			buildActionMask = 2147483647;
			files = (
				7EB908551AA6AED7005AF401 /* ClockManTests.swift in Sources */,
			);
			runOnlyForDeploymentPostprocessing = 0;
		};
/* End PBXSourcesBuildPhase section */

/* Begin PBXTargetDependency section */
		7EB908501AA6AED7005AF401 /* PBXTargetDependency */ = {
			isa = PBXTargetDependency;
			target = 7EB908381AA6AED7005AF401 /* ClockMan */;
			targetProxy = 7EB9084F1AA6AED7005AF401 /* PBXContainerItemProxy */;
		};
/* End PBXTargetDependency section */

/* Begin PBXVariantGroup section */
		7EB908421AA6AED7005AF401 /* Main.storyboard */ = {
			isa = PBXVariantGroup;
			children = (
				7EB908431AA6AED7005AF401 /* Base */,
			);
			name = Main.storyboard;
			sourceTree = "<group>";
		};
		7EB908471AA6AED7005AF401 /* LaunchScreen.xib */ = {
			isa = PBXVariantGroup;
			children = (
				7EB908481AA6AED7005AF401 /* Base */,
			);
			name = LaunchScreen.xib;
			sourceTree = "<group>";
		};
/* End PBXVariantGroup section */

/* Begin XCBuildConfiguration section */
		7EB908561AA6AED7005AF401 /* Debug */ = {
			isa = XCBuildConfiguration;
			buildSettings = {
				ALWAYS_SEARCH_USER_PATHS = NO;
				CLANG_CXX_LANGUAGE_STANDARD = "gnu++0x";
				CLANG_CXX_LIBRARY = "libc++";
				CLANG_ENABLE_MODULES = YES;
				CLANG_ENABLE_OBJC_ARC = YES;
				CLANG_WARN_BOOL_CONVERSION = YES;
				CLANG_WARN_CONSTANT_CONVERSION = YES;
				CLANG_WARN_DIRECT_OBJC_ISA_USAGE = YES_ERROR;
				CLANG_WARN_EMPTY_BODY = YES;
				CLANG_WARN_ENUM_CONVERSION = YES;
				CLANG_WARN_INT_CONVERSION = YES;
				CLANG_WARN_OBJC_ROOT_CLASS = YES_ERROR;
				CLANG_WARN_UNREACHABLE_CODE = YES;
				CLANG_WARN__DUPLICATE_METHOD_MATCH = YES;
				"CODE_SIGN_IDENTITY[sdk=iphoneos*]" = "iPhone Developer";
				COPY_PHASE_STRIP = NO;
				ENABLE_STRICT_OBJC_MSGSEND = YES;
				GCC_C_LANGUAGE_STANDARD = gnu99;
				GCC_DYNAMIC_NO_PIC = NO;
				GCC_OPTIMIZATION_LEVEL = 0;
				GCC_PREPROCESSOR_DEFINITIONS = (
					"DEBUG=1",
					"$(inherited)",
				);
				GCC_SYMBOLS_PRIVATE_EXTERN = NO;
				GCC_WARN_64_TO_32_BIT_CONVERSION = YES;
				GCC_WARN_ABOUT_RETURN_TYPE = YES_ERROR;
				GCC_WARN_UNDECLARED_SELECTOR = YES;
				GCC_WARN_UNINITIALIZED_AUTOS = YES_AGGRESSIVE;
				GCC_WARN_UNUSED_FUNCTION = YES;
				GCC_WARN_UNUSED_VARIABLE = YES;
				IPHONEOS_DEPLOYMENT_TARGET = 8.1;
				MTL_ENABLE_DEBUG_INFO = YES;
				ONLY_ACTIVE_ARCH = YES;
				SDKROOT = iphoneos;
				SWIFT_OPTIMIZATION_LEVEL = "-Onone";
			};
			name = Debug;
		};
		7EB908571AA6AED7005AF401 /* Release */ = {
			isa = XCBuildConfiguration;
			buildSettings = {
				ALWAYS_SEARCH_USER_PATHS = NO;
				CLANG_CXX_LANGUAGE_STANDARD = "gnu++0x";
				CLANG_CXX_LIBRARY = "libc++";
				CLANG_ENABLE_MODULES = YES;
				CLANG_ENABLE_OBJC_ARC = YES;
				CLANG_WARN_BOOL_CONVERSION = YES;
				CLANG_WARN_CONSTANT_CONVERSION = YES;
				CLANG_WARN_DIRECT_OBJC_ISA_USAGE = YES_ERROR;
				CLANG_WARN_EMPTY_BODY = YES;
				CLANG_WARN_ENUM_CONVERSION = YES;
				CLANG_WARN_INT_CONVERSION = YES;
				CLANG_WARN_OBJC_ROOT_CLASS = YES_ERROR;
				CLANG_WARN_UNREACHABLE_CODE = YES;
				CLANG_WARN__DUPLICATE_METHOD_MATCH = YES;
				"CODE_SIGN_IDENTITY[sdk=iphoneos*]" = "iPhone Developer";
				COPY_PHASE_STRIP = YES;
				ENABLE_NS_ASSERTIONS = NO;
				ENABLE_STRICT_OBJC_MSGSEND = YES;
				GCC_C_LANGUAGE_STANDARD = gnu99;
				GCC_WARN_64_TO_32_BIT_CONVERSION = YES;
				GCC_WARN_ABOUT_RETURN_TYPE = YES_ERROR;
				GCC_WARN_UNDECLARED_SELECTOR = YES;
				GCC_WARN_UNINITIALIZED_AUTOS = YES_AGGRESSIVE;
				GCC_WARN_UNUSED_FUNCTION = YES;
				GCC_WARN_UNUSED_VARIABLE = YES;
				IPHONEOS_DEPLOYMENT_TARGET = 8.1;
				MTL_ENABLE_DEBUG_INFO = NO;
				SDKROOT = iphoneos;
				VALIDATE_PRODUCT = YES;
			};
			name = Release;
		};
		7EB908591AA6AED7005AF401 /* Debug */ = {
			isa = XCBuildConfiguration;
			buildSettings = {
				ASSETCATALOG_COMPILER_APPICON_NAME = AppIcon;
				INFOPLIST_FILE = ClockMan/Info.plist;
				LD_RUNPATH_SEARCH_PATHS = "$(inherited) @executable_path/Frameworks";
				PRODUCT_NAME = "$(TARGET_NAME)";
			};
			name = Debug;
		};
		7EB9085A1AA6AED7005AF401 /* Release */ = {
			isa = XCBuildConfiguration;
			buildSettings = {
				ASSETCATALOG_COMPILER_APPICON_NAME = AppIcon;
				INFOPLIST_FILE = ClockMan/Info.plist;
				LD_RUNPATH_SEARCH_PATHS = "$(inherited) @executable_path/Frameworks";
				PRODUCT_NAME = "$(TARGET_NAME)";
			};
			name = Release;
		};
		7EB9085C1AA6AED7005AF401 /* Debug */ = {
			isa = XCBuildConfiguration;
			buildSettings = {
				BUNDLE_LOADER = "$(TEST_HOST)";
				FRAMEWORK_SEARCH_PATHS = (
					"$(SDKROOT)/Developer/Library/Frameworks",
					"$(inherited)",
				);
				GCC_PREPROCESSOR_DEFINITIONS = (
					"DEBUG=1",
					"$(inherited)",
				);
				INFOPLIST_FILE = ClockManTests/Info.plist;
				LD_RUNPATH_SEARCH_PATHS = "$(inherited) @executable_path/Frameworks @loader_path/Frameworks";
				PRODUCT_NAME = "$(TARGET_NAME)";
				TEST_HOST = "$(BUILT_PRODUCTS_DIR)/ClockMan.app/ClockMan";
			};
			name = Debug;
		};
		7EB9085D1AA6AED7005AF401 /* Release */ = {
			isa = XCBuildConfiguration;
			buildSettings = {
				BUNDLE_LOADER = "$(TEST_HOST)";
				FRAMEWORK_SEARCH_PATHS = (
					"$(SDKROOT)/Developer/Library/Frameworks",
					"$(inherited)",
				);
				INFOPLIST_FILE = ClockManTests/Info.plist;
				LD_RUNPATH_SEARCH_PATHS = "$(inherited) @executable_path/Frameworks @loader_path/Frameworks";
				PRODUCT_NAME = "$(TARGET_NAME)";
				TEST_HOST = "$(BUILT_PRODUCTS_DIR)/ClockMan.app/ClockMan";
			};
			name = Release;
		};
/* End XCBuildConfiguration section */

/* Begin XCConfigurationList section */
		7EB908341AA6AED7005AF401 /* Build configuration list for PBXProject "ClockMan" */ = {
			isa = XCConfigurationList;
			buildConfigurations = (
				7EB908561AA6AED7005AF401 /* Debug */,
				7EB908571AA6AED7005AF401 /* Release */,
			);
			defaultConfigurationIsVisible = 0;
			defaultConfigurationName = Release;
		};
		7EB908581AA6AED7005AF401 /* Build configuration list for PBXNativeTarget "ClockMan" */ = {
			isa = XCConfigurationList;
			buildConfigurations = (
				7EB908591AA6AED7005AF401 /* Debug */,
				7EB9085A1AA6AED7005AF401 /* Release */,
			);
			defaultConfigurationIsVisible = 0;
		};
		7EB9085B1AA6AED7005AF401 /* Build configuration list for PBXNativeTarget "ClockManTests" */ = {
			isa = XCConfigurationList;
			buildConfigurations = (
				7EB9085C1AA6AED7005AF401 /* Debug */,
				7EB9085D1AA6AED7005AF401 /* Release */,
			);
			defaultConfigurationIsVisible = 0;
		};
/* End XCConfigurationList section */
	};
	rootObject = 7EB908311AA6AED7005AF401 /* Project object */;
}
